
Microsoft Visual Studio Solution File, Format Version 12.00
# Visual Studio Version 17
VisualStudioVersion = 17.8.34316.72
MinimumVisualStudioVersion = 10.0.40219.1
Project("{FAE04EC0-301F-11D3-BF4B-00C04F79EFBC}") = "AvansDevOps", "AvansDevOps.csproj", "{3B480B04-3434-4225-AADE-1A2935035B50}"
EndProject
Global
	GlobalSection(SolutionConfigurationPlatforms) = preSolution
		Debug|Any CPU = Debug|Any CPU
		Release|Any CPU = Release|Any CPU
	EndGlobalSection
	GlobalSection(ProjectConfigurationPlatforms) = postSolution
		{3B480B04-3434-4225-AADE-1A2935035B50}.Debug|Any CPU.ActiveCfg = Debug|Any CPU
		{3B480B04-3434-4225-AADE-1A2935035B50}.Debug|Any CPU.Build.0 = Debug|Any CPU
		{3B480B04-3434-4225-AADE-1A2935035B50}.Release|Any CPU.ActiveCfg = Release|Any CPU
		{3B480B04-3434-4225-AADE-1A2935035B50}.Release|Any CPU.Build.0 = Release|Any CPU
	EndGlobalSection
	GlobalSection(SolutionProperties) = preSolution
		HideSolutionNode = FALSE
	EndGlobalSection
	GlobalSection(ExtensibilityGlobals) = postSolution
		SolutionGuid = {82A3650B-5053-401B-A6F2-42FEA28DAF32}
	EndGlobalSection
EndGlobal
